
Microsoft Visual Studio Solution File, Format Version 12.00
# Visual Studio 15
VisualStudioVersion = 15.0.27004.2005
MinimumVisualStudioVersion = 10.0.40219.1
Project("{FAE04EC0-301F-11D3-BF4B-00C04F79EFBC}") = "GymTicket.Android", "GymTicket\GymTicket.Android\GymTicket.Android.csproj", "{5F9905AF-32A3-4AC8-A2DC-C82CEE4BD633}"
EndProject
Project("{FAE04EC0-301F-11D3-BF4B-00C04F79EFBC}") = "GymTicket", "GymTicket\GymTicket\GymTicket.csproj", "{CD1BAD1E-B509-40C6-8D0A-89727BA1C2AC}"
EndProject
Project("{FAE04EC0-301F-11D3-BF4B-00C04F79EFBC}") = "GymTicket.UWP", "GymTicket\GymTicket.UWP\GymTicket.UWP.csproj", "{21241535-32A6-42DB-AA7D-E19CCC497561}"
EndProject
Project("{FAE04EC0-301F-11D3-BF4B-00C04F79EFBC}") = "GymTicket.iOS", "GymTicket\GymTicket.iOS\GymTicket.iOS.csproj", "{4E8CBB24-5959-4C76-B001-A5D69E66A048}"
EndProject
Global
	GlobalSection(SolutionConfigurationPlatforms) = preSolution
		Ad-Hoc|Any CPU = Ad-Hoc|Any CPU
		Ad-Hoc|ARM = Ad-Hoc|ARM
		Ad-Hoc|iPhone = Ad-Hoc|iPhone
		Ad-Hoc|iPhoneSimulator = Ad-Hoc|iPhoneSimulator
		Ad-Hoc|x64 = Ad-Hoc|x64
		Ad-Hoc|x86 = Ad-Hoc|x86
		AppStore|Any CPU = AppStore|Any CPU
		AppStore|ARM = AppStore|ARM
		AppStore|iPhone = AppStore|iPhone
		AppStore|iPhoneSimulator = AppStore|iPhoneSimulator
		AppStore|x64 = AppStore|x64
		AppStore|x86 = AppStore|x86
		Debug|Any CPU = Debug|Any CPU
		Debug|ARM = Debug|ARM
		Debug|iPhone = Debug|iPhone
		Debug|iPhoneSimulator = Debug|iPhoneSimulator
		Debug|x64 = Debug|x64
		Debug|x86 = Debug|x86
		Release|Any CPU = Release|Any CPU
		Release|ARM = Release|ARM
		Release|iPhone = Release|iPhone
		Release|iPhoneSimulator = Release|iPhoneSimulator
		Release|x64 = Release|x64
		Release|x86 = Release|x86
	EndGlobalSection
	GlobalSection(ProjectConfigurationPlatforms) = postSolution
		{5F9905AF-32A3-4AC8-A2DC-C82CEE4BD633}.Ad-Hoc|Any CPU.ActiveCfg = Release|Any CPU
		{5F9905AF-32A3-4AC8-A2DC-C82CEE4BD633}.Ad-Hoc|Any CPU.Build.0 = Release|Any CPU
		{5F9905AF-32A3-4AC8-A2DC-C82CEE4BD633}.Ad-Hoc|Any CPU.Deploy.0 = Release|Any CPU
		{5F9905AF-32A3-4AC8-A2DC-C82CEE4BD633}.Ad-Hoc|ARM.ActiveCfg = Release|Any CPU
		{5F9905AF-32A3-4AC8-A2DC-C82CEE4BD633}.Ad-Hoc|ARM.Build.0 = Release|Any CPU
		{5F9905AF-32A3-4AC8-A2DC-C82CEE4BD633}.Ad-Hoc|ARM.Deploy.0 = Release|Any CPU
		{5F9905AF-32A3-4AC8-A2DC-C82CEE4BD633}.Ad-Hoc|iPhone.ActiveCfg = Release|Any CPU
		{5F9905AF-32A3-4AC8-A2DC-C82CEE4BD633}.Ad-Hoc|iPhone.Build.0 = Release|Any CPU
		{5F9905AF-32A3-4AC8-A2DC-C82CEE4BD633}.Ad-Hoc|iPhone.Deploy.0 = Release|Any CPU
		{5F9905AF-32A3-4AC8-A2DC-C82CEE4BD633}.Ad-Hoc|iPhoneSimulator.ActiveCfg = Release|Any CPU
		{5F9905AF-32A3-4AC8-A2DC-C82CEE4BD633}.Ad-Hoc|iPhoneSimulator.Build.0 = Release|Any CPU
		{5F9905AF-32A3-4AC8-A2DC-C82CEE4BD633}.Ad-Hoc|iPhoneSimulator.Deploy.0 = Release|Any CPU
		{5F9905AF-32A3-4AC8-A2DC-C82CEE4BD633}.Ad-Hoc|x64.ActiveCfg = Release|Any CPU
		{5F9905AF-32A3-4AC8-A2DC-C82CEE4BD633}.Ad-Hoc|x64.Build.0 = Release|Any CPU
		{5F9905AF-32A3-4AC8-A2DC-C82CEE4BD633}.Ad-Hoc|x64.Deploy.0 = Release|Any CPU
		{5F9905AF-32A3-4AC8-A2DC-C82CEE4BD633}.Ad-Hoc|x86.ActiveCfg = Release|Any CPU
		{5F9905AF-32A3-4AC8-A2DC-C82CEE4BD633}.Ad-Hoc|x86.Build.0 = Release|Any CPU
		{5F9905AF-32A3-4AC8-A2DC-C82CEE4BD633}.Ad-Hoc|x86.Deploy.0 = Release|Any CPU
		{5F9905AF-32A3-4AC8-A2DC-C82CEE4BD633}.AppStore|Any CPU.ActiveCfg = Release|Any CPU
		{5F9905AF-32A3-4AC8-A2DC-C82CEE4BD633}.AppStore|Any CPU.Build.0 = Release|Any CPU
		{5F9905AF-32A3-4AC8-A2DC-C82CEE4BD633}.AppStore|Any CPU.Deploy.0 = Release|Any CPU
		{5F9905AF-32A3-4AC8-A2DC-C82CEE4BD633}.AppStore|ARM.ActiveCfg = Release|Any CPU
		{5F9905AF-32A3-4AC8-A2DC-C82CEE4BD633}.AppStore|ARM.Build.0 = Release|Any CPU
		{5F9905AF-32A3-4AC8-A2DC-C82CEE4BD633}.AppStore|ARM.Deploy.0 = Release|Any CPU
		{5F9905AF-32A3-4AC8-A2DC-C82CEE4BD633}.AppStore|iPhone.ActiveCfg = Release|Any CPU
		{5F9905AF-32A3-4AC8-A2DC-C82CEE4BD633}.AppStore|iPhone.Build.0 = Release|Any CPU
		{5F9905AF-32A3-4AC8-A2DC-C82CEE4BD633}.AppStore|iPhone.Deploy.0 = Release|Any CPU
		{5F9905AF-32A3-4AC8-A2DC-C82CEE4BD633}.AppStore|iPhoneSimulator.ActiveCfg = Release|Any CPU
		{5F9905AF-32A3-4AC8-A2DC-C82CEE4BD633}.AppStore|iPhoneSimulator.Build.0 = Release|Any CPU
		{5F9905AF-32A3-4AC8-A2DC-C82CEE4BD633}.AppStore|iPhoneSimulator.Deploy.0 = Release|Any CPU
		{5F9905AF-32A3-4AC8-A2DC-C82CEE4BD633}.AppStore|x64.ActiveCfg = Release|Any CPU
		{5F9905AF-32A3-4AC8-A2DC-C82CEE4BD633}.AppStore|x64.Build.0 = Release|Any CPU
		{5F9905AF-32A3-4AC8-A2DC-C82CEE4BD633}.AppStore|x64.Deploy.0 = Release|Any CPU
		{5F9905AF-32A3-4AC8-A2DC-C82CEE4BD633}.AppStore|x86.ActiveCfg = Release|Any CPU
		{5F9905AF-32A3-4AC8-A2DC-C82CEE4BD633}.AppStore|x86.Build.0 = Release|Any CPU
		{5F9905AF-32A3-4AC8-A2DC-C82CEE4BD633}.AppStore|x86.Deploy.0 = Release|Any CPU
		{5F9905AF-32A3-4AC8-A2DC-C82CEE4BD633}.Debug|Any CPU.ActiveCfg = Debug|Any CPU
		{5F9905AF-32A3-4AC8-A2DC-C82CEE4BD633}.Debug|Any CPU.Build.0 = Debug|Any CPU
		{5F9905AF-32A3-4AC8-A2DC-C82CEE4BD633}.Debug|Any CPU.Deploy.0 = Debug|Any CPU
		{5F9905AF-32A3-4AC8-A2DC-C82CEE4BD633}.Debug|ARM.ActiveCfg = Debug|Any CPU
		{5F9905AF-32A3-4AC8-A2DC-C82CEE4BD633}.Debug|ARM.Build.0 = Debug|Any CPU
		{5F9905AF-32A3-4AC8-A2DC-C82CEE4BD633}.Debug|ARM.Deploy.0 = Debug|Any CPU
		{5F9905AF-32A3-4AC8-A2DC-C82CEE4BD633}.Debug|iPhone.ActiveCfg = Debug|Any CPU
		{5F9905AF-32A3-4AC8-A2DC-C82CEE4BD633}.Debug|iPhone.Build.0 = Debug|Any CPU
		{5F9905AF-32A3-4AC8-A2DC-C82CEE4BD633}.Debug|iPhone.Deploy.0 = Debug|Any CPU
		{5F9905AF-32A3-4AC8-A2DC-C82CEE4BD633}.Debug|iPhoneSimulator.ActiveCfg = Debug|Any CPU
		{5F9905AF-32A3-4AC8-A2DC-C82CEE4BD633}.Debug|iPhoneSimulator.Build.0 = Debug|Any CPU
		{5F9905AF-32A3-4AC8-A2DC-C82CEE4BD633}.Debug|iPhoneSimulator.Deploy.0 = Debug|Any CPU
		{5F9905AF-32A3-4AC8-A2DC-C82CEE4BD633}.Debug|x64.ActiveCfg = Debug|Any CPU
		{5F9905AF-32A3-4AC8-A2DC-C82CEE4BD633}.Debug|x64.Build.0 = Debug|Any CPU
		{5F9905AF-32A3-4AC8-A2DC-C82CEE4BD633}.Debug|x64.Deploy.0 = Debug|Any CPU
		{5F9905AF-32A3-4AC8-A2DC-C82CEE4BD633}.Debug|x86.ActiveCfg = Debug|Any CPU
		{5F9905AF-32A3-4AC8-A2DC-C82CEE4BD633}.Debug|x86.Build.0 = Debug|Any CPU
		{5F9905AF-32A3-4AC8-A2DC-C82CEE4BD633}.Debug|x86.Deploy.0 = Debug|Any CPU
		{5F9905AF-32A3-4AC8-A2DC-C82CEE4BD633}.Release|Any CPU.ActiveCfg = Release|Any CPU
		{5F9905AF-32A3-4AC8-A2DC-C82CEE4BD633}.Release|Any CPU.Build.0 = Release|Any CPU
		{5F9905AF-32A3-4AC8-A2DC-C82CEE4BD633}.Release|Any CPU.Deploy.0 = Release|Any CPU
		{5F9905AF-32A3-4AC8-A2DC-C82CEE4BD633}.Release|ARM.ActiveCfg = Release|Any CPU
		{5F9905AF-32A3-4AC8-A2DC-C82CEE4BD633}.Release|ARM.Build.0 = Release|Any CPU
		{5F9905AF-32A3-4AC8-A2DC-C82CEE4BD633}.Release|ARM.Deploy.0 = Release|Any CPU
		{5F9905AF-32A3-4AC8-A2DC-C82CEE4BD633}.Release|iPhone.ActiveCfg = Release|Any CPU
		{5F9905AF-32A3-4AC8-A2DC-C82CEE4BD633}.Release|iPhone.Build.0 = Release|Any CPU
		{5F9905AF-32A3-4AC8-A2DC-C82CEE4BD633}.Release|iPhone.Deploy.0 = Release|Any CPU
		{5F9905AF-32A3-4AC8-A2DC-C82CEE4BD633}.Release|iPhoneSimulator.ActiveCfg = Release|Any CPU
		{5F9905AF-32A3-4AC8-A2DC-C82CEE4BD633}.Release|iPhoneSimulator.Build.0 = Release|Any CPU
		{5F9905AF-32A3-4AC8-A2DC-C82CEE4BD633}.Release|iPhoneSimulator.Deploy.0 = Release|Any CPU
		{5F9905AF-32A3-4AC8-A2DC-C82CEE4BD633}.Release|x64.ActiveCfg = Release|Any CPU
		{5F9905AF-32A3-4AC8-A2DC-C82CEE4BD633}.Release|x64.Build.0 = Release|Any CPU
		{5F9905AF-32A3-4AC8-A2DC-C82CEE4BD633}.Release|x64.Deploy.0 = Release|Any CPU
		{5F9905AF-32A3-4AC8-A2DC-C82CEE4BD633}.Release|x86.ActiveCfg = Release|Any CPU
		{5F9905AF-32A3-4AC8-A2DC-C82CEE4BD633}.Release|x86.Build.0 = Release|Any CPU
		{5F9905AF-32A3-4AC8-A2DC-C82CEE4BD633}.Release|x86.Deploy.0 = Release|Any CPU
		{CD1BAD1E-B509-40C6-8D0A-89727BA1C2AC}.Ad-Hoc|Any CPU.ActiveCfg = Release|Any CPU
		{CD1BAD1E-B509-40C6-8D0A-89727BA1C2AC}.Ad-Hoc|Any CPU.Build.0 = Release|Any CPU
		{CD1BAD1E-B509-40C6-8D0A-89727BA1C2AC}.Ad-Hoc|ARM.ActiveCfg = Release|Any CPU
		{CD1BAD1E-B509-40C6-8D0A-89727BA1C2AC}.Ad-Hoc|ARM.Build.0 = Release|Any CPU
		{CD1BAD1E-B509-40C6-8D0A-89727BA1C2AC}.Ad-Hoc|iPhone.ActiveCfg = Release|Any CPU
		{CD1BAD1E-B509-40C6-8D0A-89727BA1C2AC}.Ad-Hoc|iPhone.Build.0 = Release|Any CPU
		{CD1BAD1E-B509-40C6-8D0A-89727BA1C2AC}.Ad-Hoc|iPhoneSimulator.ActiveCfg = Release|Any CPU
		{CD1BAD1E-B509-40C6-8D0A-89727BA1C2AC}.Ad-Hoc|iPhoneSimulator.Build.0 = Release|Any CPU
		{CD1BAD1E-B509-40C6-8D0A-89727BA1C2AC}.Ad-Hoc|x64.ActiveCfg = Release|Any CPU
		{CD1BAD1E-B509-40C6-8D0A-89727BA1C2AC}.Ad-Hoc|x64.Build.0 = Release|Any CPU
		{CD1BAD1E-B509-40C6-8D0A-89727BA1C2AC}.Ad-Hoc|x86.ActiveCfg = Release|Any CPU
		{CD1BAD1E-B509-40C6-8D0A-89727BA1C2AC}.Ad-Hoc|x86.Build.0 = Release|Any CPU
		{CD1BAD1E-B509-40C6-8D0A-89727BA1C2AC}.AppStore|Any CPU.ActiveCfg = Release|Any CPU
		{CD1BAD1E-B509-40C6-8D0A-89727BA1C2AC}.AppStore|Any CPU.Build.0 = Release|Any CPU
		{CD1BAD1E-B509-40C6-8D0A-89727BA1C2AC}.AppStore|ARM.ActiveCfg = Release|Any CPU
		{CD1BAD1E-B509-40C6-8D0A-89727BA1C2AC}.AppStore|ARM.Build.0 = Release|Any CPU
		{CD1BAD1E-B509-40C6-8D0A-89727BA1C2AC}.AppStore|iPhone.ActiveCfg = Release|Any CPU
		{CD1BAD1E-B509-40C6-8D0A-89727BA1C2AC}.AppStore|iPhone.Build.0 = Release|Any CPU
		{CD1BAD1E-B509-40C6-8D0A-89727BA1C2AC}.AppStore|iPhoneSimulator.ActiveCfg = Release|Any CPU
		{CD1BAD1E-B509-40C6-8D0A-89727BA1C2AC}.AppStore|iPhoneSimulator.Build.0 = Release|Any CPU
		{CD1BAD1E-B509-40C6-8D0A-89727BA1C2AC}.AppStore|x64.ActiveCfg = Release|Any CPU
		{CD1BAD1E-B509-40C6-8D0A-89727BA1C2AC}.AppStore|x64.Build.0 = Release|Any CPU
		{CD1BAD1E-B509-40C6-8D0A-89727BA1C2AC}.AppStore|x86.ActiveCfg = Release|Any CPU
		{CD1BAD1E-B509-40C6-8D0A-89727BA1C2AC}.AppStore|x86.Build.0 = Release|Any CPU
		{CD1BAD1E-B509-40C6-8D0A-89727BA1C2AC}.Debug|Any CPU.ActiveCfg = Debug|Any CPU
		{CD1BAD1E-B509-40C6-8D0A-89727BA1C2AC}.Debug|Any CPU.Build.0 = Debug|Any CPU
		{CD1BAD1E-B509-40C6-8D0A-89727BA1C2AC}.Debug|ARM.ActiveCfg = Debug|Any CPU
		{CD1BAD1E-B509-40C6-8D0A-89727BA1C2AC}.Debug|ARM.Build.0 = Debug|Any CPU
		{CD1BAD1E-B509-40C6-8D0A-89727BA1C2AC}.Debug|iPhone.ActiveCfg = Debug|Any CPU
		{CD1BAD1E-B509-40C6-8D0A-89727BA1C2AC}.Debug|iPhone.Build.0 = Debug|Any CPU
		{CD1BAD1E-B509-40C6-8D0A-89727BA1C2AC}.Debug|iPhoneSimulator.ActiveCfg = Debug|Any CPU
		{CD1BAD1E-B509-40C6-8D0A-89727BA1C2AC}.Debug|iPhoneSimulator.Build.0 = Debug|Any CPU
		{CD1BAD1E-B509-40C6-8D0A-89727BA1C2AC}.Debug|x64.ActiveCfg = Debug|Any CPU
		{CD1BAD1E-B509-40C6-8D0A-89727BA1C2AC}.Debug|x64.Build.0 = Debug|Any CPU
		{CD1BAD1E-B509-40C6-8D0A-89727BA1C2AC}.Debug|x86.ActiveCfg = Debug|Any CPU
		{CD1BAD1E-B509-40C6-8D0A-89727BA1C2AC}.Debug|x86.Build.0 = Debug|Any CPU
		{CD1BAD1E-B509-40C6-8D0A-89727BA1C2AC}.Release|Any CPU.ActiveCfg = Release|Any CPU
		{CD1BAD1E-B509-40C6-8D0A-89727BA1C2AC}.Release|Any CPU.Build.0 = Release|Any CPU
		{CD1BAD1E-B509-40C6-8D0A-89727BA1C2AC}.Release|ARM.ActiveCfg = Release|Any CPU
		{CD1BAD1E-B509-40C6-8D0A-89727BA1C2AC}.Release|ARM.Build.0 = Release|Any CPU
		{CD1BAD1E-B509-40C6-8D0A-89727BA1C2AC}.Release|iPhone.ActiveCfg = Release|Any CPU
		{CD1BAD1E-B509-40C6-8D0A-89727BA1C2AC}.Release|iPhone.Build.0 = Release|Any CPU
		{CD1BAD1E-B509-40C6-8D0A-89727BA1C2AC}.Release|iPhoneSimulator.ActiveCfg = Release|Any CPU
		{CD1BAD1E-B509-40C6-8D0A-89727BA1C2AC}.Release|iPhoneSimulator.Build.0 = Release|Any CPU
		{CD1BAD1E-B509-40C6-8D0A-89727BA1C2AC}.Release|x64.ActiveCfg = Release|Any CPU
		{CD1BAD1E-B509-40C6-8D0A-89727BA1C2AC}.Release|x64.Build.0 = Release|Any CPU
		{CD1BAD1E-B509-40C6-8D0A-89727BA1C2AC}.Release|x86.ActiveCfg = Release|Any CPU
		{CD1BAD1E-B509-40C6-8D0A-89727BA1C2AC}.Release|x86.Build.0 = Release|Any CPU
		{21241535-32A6-42DB-AA7D-E19CCC497561}.Ad-Hoc|Any CPU.ActiveCfg = Release|x86
		{21241535-32A6-42DB-AA7D-E19CCC497561}.Ad-Hoc|Any CPU.Build.0 = Release|x86
		{21241535-32A6-42DB-AA7D-E19CCC497561}.Ad-Hoc|Any CPU.Deploy.0 = Release|x86
		{21241535-32A6-42DB-AA7D-E19CCC497561}.Ad-Hoc|ARM.ActiveCfg = Release|ARM
		{21241535-32A6-42DB-AA7D-E19CCC497561}.Ad-Hoc|ARM.Build.0 = Release|ARM
		{21241535-32A6-42DB-AA7D-E19CCC497561}.Ad-Hoc|ARM.Deploy.0 = Release|ARM
		{21241535-32A6-42DB-AA7D-E19CCC497561}.Ad-Hoc|iPhone.ActiveCfg = Release|x86
		{21241535-32A6-42DB-AA7D-E19CCC497561}.Ad-Hoc|iPhone.Build.0 = Release|x86
		{21241535-32A6-42DB-AA7D-E19CCC497561}.Ad-Hoc|iPhone.Deploy.0 = Release|x86
		{21241535-32A6-42DB-AA7D-E19CCC497561}.Ad-Hoc|iPhoneSimulator.ActiveCfg = Release|x86
		{21241535-32A6-42DB-AA7D-E19CCC497561}.Ad-Hoc|iPhoneSimulator.Build.0 = Release|x86
		{21241535-32A6-42DB-AA7D-E19CCC497561}.Ad-Hoc|iPhoneSimulator.Deploy.0 = Release|x86
		{21241535-32A6-42DB-AA7D-E19CCC497561}.Ad-Hoc|x64.ActiveCfg = Release|x64
		{21241535-32A6-42DB-AA7D-E19CCC497561}.Ad-Hoc|x64.Build.0 = Release|x64
		{21241535-32A6-42DB-AA7D-E19CCC497561}.Ad-Hoc|x64.Deploy.0 = Release|x64
		{21241535-32A6-42DB-AA7D-E19CCC497561}.Ad-Hoc|x86.ActiveCfg = Release|x86
		{21241535-32A6-42DB-AA7D-E19CCC497561}.Ad-Hoc|x86.Build.0 = Release|x86
		{21241535-32A6-42DB-AA7D-E19CCC497561}.Ad-Hoc|x86.Deploy.0 = Release|x86
		{21241535-32A6-42DB-AA7D-E19CCC497561}.AppStore|Any CPU.ActiveCfg = Release|x86
		{21241535-32A6-42DB-AA7D-E19CCC497561}.AppStore|Any CPU.Build.0 = Release|x86
		{21241535-32A6-42DB-AA7D-E19CCC497561}.AppStore|Any CPU.Deploy.0 = Release|x86
		{21241535-32A6-42DB-AA7D-E19CCC497561}.AppStore|ARM.ActiveCfg = Release|ARM
		{21241535-32A6-42DB-AA7D-E19CCC497561}.AppStore|ARM.Build.0 = Release|ARM
		{21241535-32A6-42DB-AA7D-E19CCC497561}.AppStore|ARM.Deploy.0 = Release|ARM
		{21241535-32A6-42DB-AA7D-E19CCC497561}.AppStore|iPhone.ActiveCfg = Release|x86
		{21241535-32A6-42DB-AA7D-E19CCC497561}.AppStore|iPhone.Build.0 = Release|x86
		{21241535-32A6-42DB-AA7D-E19CCC497561}.AppStore|iPhone.Deploy.0 = Release|x86
		{21241535-32A6-42DB-AA7D-E19CCC497561}.AppStore|iPhoneSimulator.ActiveCfg = Release|x86
		{21241535-32A6-42DB-AA7D-E19CCC497561}.AppStore|iPhoneSimulator.Build.0 = Release|x86
		{21241535-32A6-42DB-AA7D-E19CCC497561}.AppStore|iPhoneSimulator.Deploy.0 = Release|x86
		{21241535-32A6-42DB-AA7D-E19CCC497561}.AppStore|x64.ActiveCfg = Release|x64
		{21241535-32A6-42DB-AA7D-E19CCC497561}.AppStore|x64.Build.0 = Release|x64
		{21241535-32A6-42DB-AA7D-E19CCC497561}.AppStore|x64.Deploy.0 = Release|x64
		{21241535-32A6-42DB-AA7D-E19CCC497561}.AppStore|x86.ActiveCfg = Release|x86
		{21241535-32A6-42DB-AA7D-E19CCC497561}.AppStore|x86.Build.0 = Release|x86
		{21241535-32A6-42DB-AA7D-E19CCC497561}.AppStore|x86.Deploy.0 = Release|x86
		{21241535-32A6-42DB-AA7D-E19CCC497561}.Debug|Any CPU.ActiveCfg = Debug|x86
		{21241535-32A6-42DB-AA7D-E19CCC497561}.Debug|ARM.ActiveCfg = Debug|ARM
		{21241535-32A6-42DB-AA7D-E19CCC497561}.Debug|ARM.Build.0 = Debug|ARM
		{21241535-32A6-42DB-AA7D-E19CCC497561}.Debug|ARM.Deploy.0 = Debug|ARM
		{21241535-32A6-42DB-AA7D-E19CCC497561}.Debug|iPhone.ActiveCfg = Debug|x86
		{21241535-32A6-42DB-AA7D-E19CCC497561}.Debug|iPhoneSimulator.ActiveCfg = Debug|x86
		{21241535-32A6-42DB-AA7D-E19CCC497561}.Debug|x64.ActiveCfg = Debug|x64
		{21241535-32A6-42DB-AA7D-E19CCC497561}.Debug|x64.Build.0 = Debug|x64
		{21241535-32A6-42DB-AA7D-E19CCC497561}.Debug|x64.Deploy.0 = Debug|x64
		{21241535-32A6-42DB-AA7D-E19CCC497561}.Debug|x86.ActiveCfg = Debug|x86
		{21241535-32A6-42DB-AA7D-E19CCC497561}.Debug|x86.Build.0 = Debug|x86
		{21241535-32A6-42DB-AA7D-E19CCC497561}.Debug|x86.Deploy.0 = Debug|x86
		{21241535-32A6-42DB-AA7D-E19CCC497561}.Release|Any CPU.ActiveCfg = Release|x86
		{21241535-32A6-42DB-AA7D-E19CCC497561}.Release|ARM.ActiveCfg = Release|ARM
		{21241535-32A6-42DB-AA7D-E19CCC497561}.Release|ARM.Build.0 = Release|ARM
		{21241535-32A6-42DB-AA7D-E19CCC497561}.Release|ARM.Deploy.0 = Release|ARM
		{21241535-32A6-42DB-AA7D-E19CCC497561}.Release|iPhone.ActiveCfg = Release|x86
		{21241535-32A6-42DB-AA7D-E19CCC497561}.Release|iPhoneSimulator.ActiveCfg = Release|x86
		{21241535-32A6-42DB-AA7D-E19CCC497561}.Release|x64.ActiveCfg = Release|x64
		{21241535-32A6-42DB-AA7D-E19CCC497561}.Release|x64.Build.0 = Release|x64
		{21241535-32A6-42DB-AA7D-E19CCC497561}.Release|x64.Deploy.0 = Release|x64
		{21241535-32A6-42DB-AA7D-E19CCC497561}.Release|x86.ActiveCfg = Release|x86
		{21241535-32A6-42DB-AA7D-E19CCC497561}.Release|x86.Build.0 = Release|x86
		{21241535-32A6-42DB-AA7D-E19CCC497561}.Release|x86.Deploy.0 = Release|x86
		{4E8CBB24-5959-4C76-B001-A5D69E66A048}.Ad-Hoc|Any CPU.ActiveCfg = Ad-Hoc|iPhoneSimulator
		{4E8CBB24-5959-4C76-B001-A5D69E66A048}.Ad-Hoc|ARM.ActiveCfg = Ad-Hoc|iPhone
		{4E8CBB24-5959-4C76-B001-A5D69E66A048}.Ad-Hoc|iPhone.ActiveCfg = Ad-Hoc|iPhone
		{4E8CBB24-5959-4C76-B001-A5D69E66A048}.Ad-Hoc|iPhone.Build.0 = Ad-Hoc|iPhone
		{4E8CBB24-5959-4C76-B001-A5D69E66A048}.Ad-Hoc|iPhoneSimulator.ActiveCfg = Ad-Hoc|iPhoneSimulator
		{4E8CBB24-5959-4C76-B001-A5D69E66A048}.Ad-Hoc|iPhoneSimulator.Build.0 = Ad-Hoc|iPhoneSimulator
		{4E8CBB24-5959-4C76-B001-A5D69E66A048}.Ad-Hoc|x64.ActiveCfg = Ad-Hoc|iPhone
		{4E8CBB24-5959-4C76-B001-A5D69E66A048}.Ad-Hoc|x86.ActiveCfg = Ad-Hoc|iPhone
		{4E8CBB24-5959-4C76-B001-A5D69E66A048}.AppStore|Any CPU.ActiveCfg = AppStore|iPhoneSimulator
		{4E8CBB24-5959-4C76-B001-A5D69E66A048}.AppStore|ARM.ActiveCfg = AppStore|iPhone
		{4E8CBB24-5959-4C76-B001-A5D69E66A048}.AppStore|iPhone.ActiveCfg = AppStore|iPhone
		{4E8CBB24-5959-4C76-B001-A5D69E66A048}.AppStore|iPhone.Build.0 = AppStore|iPhone
		{4E8CBB24-5959-4C76-B001-A5D69E66A048}.AppStore|iPhoneSimulator.ActiveCfg = AppStore|iPhoneSimulator
		{4E8CBB24-5959-4C76-B001-A5D69E66A048}.AppStore|iPhoneSimulator.Build.0 = AppStore|iPhoneSimulator
		{4E8CBB24-5959-4C76-B001-A5D69E66A048}.AppStore|x64.ActiveCfg = AppStore|iPhone
		{4E8CBB24-5959-4C76-B001-A5D69E66A048}.AppStore|x86.ActiveCfg = AppStore|iPhone
		{4E8CBB24-5959-4C76-B001-A5D69E66A048}.Debug|Any CPU.ActiveCfg = Debug|iPhoneSimulator
		{4E8CBB24-5959-4C76-B001-A5D69E66A048}.Debug|ARM.ActiveCfg = Debug|iPhone
		{4E8CBB24-5959-4C76-B001-A5D69E66A048}.Debug|iPhone.ActiveCfg = Debug|iPhone
		{4E8CBB24-5959-4C76-B001-A5D69E66A048}.Debug|iPhone.Build.0 = Debug|iPhone
		{4E8CBB24-5959-4C76-B001-A5D69E66A048}.Debug|iPhoneSimulator.ActiveCfg = Debug|iPhoneSimulator
		{4E8CBB24-5959-4C76-B001-A5D69E66A048}.Debug|iPhoneSimulator.Build.0 = Debug|iPhoneSimulator
		{4E8CBB24-5959-4C76-B001-A5D69E66A048}.Debug|x64.ActiveCfg = Debug|iPhone
		{4E8CBB24-5959-4C76-B001-A5D69E66A048}.Debug|x86.ActiveCfg = Debug|iPhone
		{4E8CBB24-5959-4C76-B001-A5D69E66A048}.Release|Any CPU.ActiveCfg = Release|iPhoneSimulator
		{4E8CBB24-5959-4C76-B001-A5D69E66A048}.Release|ARM.ActiveCfg = Release|iPhone
		{4E8CBB24-5959-4C76-B001-A5D69E66A048}.Release|iPhone.ActiveCfg = Release|iPhone
		{4E8CBB24-5959-4C76-B001-A5D69E66A048}.Release|iPhone.Build.0 = Release|iPhone
		{4E8CBB24-5959-4C76-B001-A5D69E66A048}.Release|iPhoneSimulator.ActiveCfg = Release|iPhoneSimulator
		{4E8CBB24-5959-4C76-B001-A5D69E66A048}.Release|iPhoneSimulator.Build.0 = Release|iPhoneSimulator
		{4E8CBB24-5959-4C76-B001-A5D69E66A048}.Release|x64.ActiveCfg = Release|iPhone
		{4E8CBB24-5959-4C76-B001-A5D69E66A048}.Release|x86.ActiveCfg = Release|iPhone
	EndGlobalSection
	GlobalSection(SolutionProperties) = preSolution
		HideSolutionNode = FALSE
	EndGlobalSection
	GlobalSection(ExtensibilityGlobals) = postSolution
		SolutionGuid = {75CB50E8-B4DA-412E-A557-B20F42AE7417}
	EndGlobalSection
EndGlobal
